
Microsoft Visual Studio Solution File, Format Version 12.00
# Visual Studio Version 16
VisualStudioVersion = 16.0.30011.22
MinimumVisualStudioVersion = 10.0.40219.1
Project("{9A19103F-16F7-4668-BE54-9A1E7A4F7556}") = "BlazorServer", "BlazorServer\BlazorServer.csproj", "{68A31267-1E59-4A8A-8AC8-5F306324A5D3}"
EndProject
Project("{9A19103F-16F7-4668-BE54-9A1E7A4F7556}") = "BlazorWebAssemblar", "BlazorWebAssemblar\BlazorWebAssemblar.csproj", "{34133893-46AE-4D4A-A449-8DBB59E70BC9}"
EndProject
Project("{9A19103F-16F7-4668-BE54-9A1E7A4F7556}") = "EmployeeManagement.Models", "EmployeeManagement.Models\EmployeeManagement.Models.csproj", "{4D6830A1-FC15-4861-8889-02E485A83990}"
EndProject
Project("{9A19103F-16F7-4668-BE54-9A1E7A4F7556}") = "EmployeeManagement.API", "EmployeeManagement.API\EmployeeManagement.API.csproj", "{7C23D5D5-0E97-4357-9DAF-F090139AE97C}"
EndProject
Global
	GlobalSection(SolutionConfigurationPlatforms) = preSolution
		Debug|Any CPU = Debug|Any CPU
		Release|Any CPU = Release|Any CPU
	EndGlobalSection
	GlobalSection(ProjectConfigurationPlatforms) = postSolution
		{68A31267-1E59-4A8A-8AC8-5F306324A5D3}.Debug|Any CPU.ActiveCfg = Debug|Any CPU
		{68A31267-1E59-4A8A-8AC8-5F306324A5D3}.Debug|Any CPU.Build.0 = Debug|Any CPU
		{68A31267-1E59-4A8A-8AC8-5F306324A5D3}.Release|Any CPU.ActiveCfg = Release|Any CPU
		{68A31267-1E59-4A8A-8AC8-5F306324A5D3}.Release|Any CPU.Build.0 = Release|Any CPU
		{34133893-46AE-4D4A-A449-8DBB59E70BC9}.Debug|Any CPU.ActiveCfg = Debug|Any CPU
		{34133893-46AE-4D4A-A449-8DBB59E70BC9}.Debug|Any CPU.Build.0 = Debug|Any CPU
		{34133893-46AE-4D4A-A449-8DBB59E70BC9}.Release|Any CPU.ActiveCfg = Release|Any CPU
		{34133893-46AE-4D4A-A449-8DBB59E70BC9}.Release|Any CPU.Build.0 = Release|Any CPU
		{4D6830A1-FC15-4861-8889-02E485A83990}.Debug|Any CPU.ActiveCfg = Debug|Any CPU
		{4D6830A1-FC15-4861-8889-02E485A83990}.Debug|Any CPU.Build.0 = Debug|Any CPU
		{4D6830A1-FC15-4861-8889-02E485A83990}.Release|Any CPU.ActiveCfg = Release|Any CPU
		{4D6830A1-FC15-4861-8889-02E485A83990}.Release|Any CPU.Build.0 = Release|Any CPU
		{7C23D5D5-0E97-4357-9DAF-F090139AE97C}.Debug|Any CPU.ActiveCfg = Debug|Any CPU
		{7C23D5D5-0E97-4357-9DAF-F090139AE97C}.Debug|Any CPU.Build.0 = Debug|Any CPU
		{7C23D5D5-0E97-4357-9DAF-F090139AE97C}.Release|Any CPU.ActiveCfg = Release|Any CPU
		{7C23D5D5-0E97-4357-9DAF-F090139AE97C}.Release|Any CPU.Build.0 = Release|Any CPU
	EndGlobalSection
	GlobalSection(SolutionProperties) = preSolution
		HideSolutionNode = FALSE
	EndGlobalSection
	GlobalSection(ExtensibilityGlobals) = postSolution
		SolutionGuid = {48152C3C-2333-4087-A744-C848A3660494}
	EndGlobalSection
EndGlobal
